
Microsoft Visual Studio Solution File, Format Version 12.00
Project("{FAE04EC0-301F-11D3-BF4B-00C04F79EFBC}") = "SudokuSolver", "SudokuSolver.csproj", "{7C8648F9-EA94-48A2-9E42-E1F6528A8224}"
EndProject
Global
	GlobalSection(SolutionConfigurationPlatforms) = preSolution
		Debug|Any CPU = Debug|Any CPU
		Release|Any CPU = Release|Any CPU
	EndGlobalSection
	GlobalSection(ProjectConfigurationPlatforms) = postSolution
		{7C8648F9-EA94-48A2-9E42-E1F6528A8224}.Debug|Any CPU.ActiveCfg = Debug|Any CPU
		{7C8648F9-EA94-48A2-9E42-E1F6528A8224}.Debug|Any CPU.Build.0 = Debug|Any CPU
		{7C8648F9-EA94-48A2-9E42-E1F6528A8224}.Release|Any CPU.ActiveCfg = Release|Any CPU
		{7C8648F9-EA94-48A2-9E42-E1F6528A8224}.Release|Any CPU.Build.0 = Release|Any CPU
	EndGlobalSection
EndGlobal
